[ "cowboy": {:git, "git://github.com/extend/cowboy.git", "05024529679d1d0203b8dcd6e2932cc2a526d370", []},
  "cowlib": {:git, "git://github.com/extend/cowlib.git", "f58340a0044856bb508df03cfe94cf79308380a2", [ref: "0.6.1"]},
  "ets_lru": {:git, "https://github.com/cloudant/ets_lru.git", "54df566f02412595f69500ce2326d31cfa55ae7a", [ref: "master"]},
  "ex_conf": {:git, "git://github.com/phoenixframework/ex_conf.git", "e6309e223d55a0dd6be63860ae8af5e0f021c11d", []},
  "ex_doc": {:git, "git://github.com/elixir-lang/ex_doc.git", "c14203bfca186f68ff178e5ada9af4f5fb37e205", []},
  "hackney": {:git, "git://github.com/benoitc/hackney.git", "be47fd3681c0b56da7ff8337aaed3fc6eaf6f731", []},
  "hackney_lib": {:git, "https://github.com/benoitc/hackney_lib.git", "bf4e6fde4dd6e08b7434af7b092596b3633a872c", [tag: "0.2.4"]},
  "idna": {:git, "https://github.com/benoitc/erlang-idna.git", "06122e73209065fb8a7af890ffb1c9509f862967", [ref: "master"]},
  "inflex": {:git, "git://github.com/nurugger07/inflex.git", "3cf7f6257e1a87e7309c554f546ff6fd5ebfe2fa", []},
  "mime": {:git, "git://github.com/dynamo/mime.git", "db84370c53a67a7e58a4d0cfb026f4edc64a9367", []},
  "mimetypes": {:git, "git://github.com/spawngrid/mimetypes.git", "47d37a977a7d633199822bf6b08353007483d00f", [ref: "master"]},
  "phoenix": {:git, "git://github.com/chrismccord/phoenix.git", "b95a43ab51b99a76ccf0e00d187642f768c83513", []},
  "plug": {:git, "git://github.com/elixir-lang/plug.git", "12a099f475808cc1d78bdc60dc7b3156dd8daca5", []},
  "ranch": {:git, "git://github.com/extend/ranch.git", "5df1f222f94e08abdcab7084f5e13027143cc222", [ref: "0.9.0"]} ]
